// !$*UTF8*$!
{
	archiveVersion = 1;
	classes = {
	};
	objectVersion = 46;
	objects = {

/* Begin PBXBuildFile section */
		853E81071C22873900C16CFE /* AppDelegate.swift in Sources */ = {isa = PBXBuildFile; fileRef = 853E81061C22873900C16CFE /* AppDelegate.swift */; };
		853E81091C22873900C16CFE /* ViewController.swift in Sources */ = {isa = PBXBuildFile; fileRef = 853E81081C22873900C16CFE /* ViewController.swift */; };
		853E810C1C22873900C16CFE /* Main.storyboard in Resources */ = {isa = PBXBuildFile; fileRef = 853E810A1C22873900C16CFE /* Main.storyboard */; };
		853E810E1C22873900C16CFE /* Assets.xcassets in Resources */ = {isa = PBXBuildFile; fileRef = 853E810D1C22873900C16CFE /* Assets.xcassets */; };
		853E81111C22873900C16CFE /* LaunchScreen.storyboard in Resources */ = {isa = PBXBuildFile; fileRef = 853E810F1C22873900C16CFE /* LaunchScreen.storyboard */; };
		8598D9381C2BB87A00700949 /* SecondViewController.swift in Sources */ = {isa = PBXBuildFile; fileRef = 8598D9371C2BB87A00700949 /* SecondViewController.swift */; };
		8598D93A1C2BCA9400700949 /* CustomImageView.xib in Resources */ = {isa = PBXBuildFile; fileRef = 8598D9391C2BCA9400700949 /* CustomImageView.xib */; };
		8598D93C1C2BCB2300700949 /* CustomImageView.swift in Sources */ = {isa = PBXBuildFile; fileRef = 8598D93B1C2BCB2300700949 /* CustomImageView.swift */; };
		8598D93E1C2BEF4A00700949 /* ImageEditorViewController.swift in Sources */ = {isa = PBXBuildFile; fileRef = 8598D93D1C2BEF4A00700949 /* ImageEditorViewController.swift */; };
		85DB24B01C29814C00C600CF /* CustomView.xib in Resources */ = {isa = PBXBuildFile; fileRef = 85DB24AF1C29814C00C600CF /* CustomView.xib */; };
		85DB24B21C2981DE00C600CF /* CustomView.swift in Sources */ = {isa = PBXBuildFile; fileRef = 85DB24B11C2981DE00C600CF /* CustomView.swift */; };
		A7860B6CB2A57518B978053F /* Pods.framework in Frameworks */ = {isa = PBXBuildFile; fileRef = 408681B44FE5C9092F3BE7DA /* Pods.framework */; };
/* End PBXBuildFile section */

/* Begin PBXFileReference section */
		08E4D54100E62A7B1202B48C /* Pods.release.xcconfig */ = {isa = PBXFileReference; includeInIndex = 1; lastKnownFileType = text.xcconfig; name = Pods.release.xcconfig; path = "Pods/Target Support Files/Pods/Pods.release.xcconfig"; sourceTree = "<group>"; };
		408681B44FE5C9092F3BE7DA /* Pods.framework */ = {isa = PBXFileReference; explicitFileType = wrapper.framework; includeInIndex = 0; path = Pods.framework; sourceTree = BUILT_PRODUCTS_DIR; };
		853E81031C22873900C16CFE /* FileManager.app */ = {isa = PBXFileReference; explicitFileType = wrapper.application; includeInIndex = 0; path = FileManager.app; sourceTree = BUILT_PRODUCTS_DIR; };
		853E81061C22873900C16CFE /* AppDelegate.swift */ = {isa = PBXFileReference; lastKnownFileType = sourcecode.swift; path = AppDelegate.swift; sourceTree = "<group>"; };
		853E81081C22873900C16CFE /* ViewController.swift */ = {isa = PBXFileReference; lastKnownFileType = sourcecode.swift; path = ViewController.swift; sourceTree = "<group>"; };
		853E810B1C22873900C16CFE /* Base */ = {isa = PBXFileReference; lastKnownFileType = file.storyboard; name = Base; path = Base.lproj/Main.storyboard; sourceTree = "<group>"; };
		853E810D1C22873900C16CFE /* Assets.xcassets */ = {isa = PBXFileReference; lastKnownFileType = folder.assetcatalog; path = Assets.xcassets; sourceTree = "<group>"; };
		853E81101C22873900C16CFE /* Base */ = {isa = PBXFileReference; lastKnownFileType = file.storyboard; name = Base; path = Base.lproj/LaunchScreen.storyboard; sourceTree = "<group>"; };
		853E81121C22873900C16CFE /* Info.plist */ = {isa = PBXFileReference; lastKnownFileType = text.plist.xml; path = Info.plist; sourceTree = "<group>"; };
		8598D9371C2BB87A00700949 /* SecondViewController.swift */ = {isa = PBXFileReference; fileEncoding = 4; lastKnownFileType = sourcecode.swift; path = SecondViewController.swift; sourceTree = "<group>"; };
		8598D9391C2BCA9400700949 /* CustomImageView.xib */ = {isa = PBXFileReference; fileEncoding = 4; lastKnownFileType = file.xib; path = CustomImageView.xib; sourceTree = "<group>"; };
		8598D93B1C2BCB2300700949 /* CustomImageView.swift */ = {isa = PBXFileReference; fileEncoding = 4; lastKnownFileType = sourcecode.swift; path = CustomImageView.swift; sourceTree = "<group>"; };
		8598D93D1C2BEF4A00700949 /* ImageEditorViewController.swift */ = {isa = PBXFileReference; fileEncoding = 4; lastKnownFileType = sourcecode.swift; path = ImageEditorViewController.swift; sourceTree = "<group>"; };
		85DB24AF1C29814C00C600CF /* CustomView.xib */ = {isa = PBXFileReference; fileEncoding = 4; lastKnownFileType = file.xib; path = CustomView.xib; sourceTree = "<group>"; };
		85DB24B11C2981DE00C600CF /* CustomView.swift */ = {isa = PBXFileReference; fileEncoding = 4; lastKnownFileType = sourcecode.swift; path = CustomView.swift; sourceTree = "<group>"; };
		BB014D51B41973880535A194 /* Pods.debug.xcconfig */ = {isa = PBXFileReference; includeInIndex = 1; lastKnownFileType = text.xcconfig; name = Pods.debug.xcconfig; path = "Pods/Target Support Files/Pods/Pods.debug.xcconfig"; sourceTree = "<group>"; };
/* End PBXFileReference section */

/* Begin PBXFrameworksBuildPhase section */
		853E81001C22873900C16CFE /* Frameworks */ = {
			isa = PBXFrameworksBuildPhase;
			buildActionMask = 2147483647;
			files = (
				A7860B6CB2A57518B978053F /* Pods.framework in Frameworks */,
			);
			runOnlyForDeploymentPostprocessing = 0;
		};
/* End PBXFrameworksBuildPhase section */

/* Begin PBXGroup section */
		853E80FA1C22873900C16CFE = {
			isa = PBXGroup;
			children = (
				853E81051C22873900C16CFE /* FileManager */,
				853E81041C22873900C16CFE /* Products */,
				A649B68792EE34777FD8A03F /* Pods */,
				C722AE7B3460F5EF1CD1C594 /* Frameworks */,
			);
			sourceTree = "<group>";
		};
		853E81041C22873900C16CFE /* Products */ = {
			isa = PBXGroup;
			children = (
				853E81031C22873900C16CFE /* FileManager.app */,
			);
			name = Products;
			sourceTree = "<group>";
		};
		853E81051C22873900C16CFE /* FileManager */ = {
			isa = PBXGroup;
			children = (
				853E81061C22873900C16CFE /* AppDelegate.swift */,
				853E81081C22873900C16CFE /* ViewController.swift */,
				853E810A1C22873900C16CFE /* Main.storyboard */,
				853E810D1C22873900C16CFE /* Assets.xcassets */,
				853E810F1C22873900C16CFE /* LaunchScreen.storyboard */,
				853E81121C22873900C16CFE /* Info.plist */,
				85DB24AF1C29814C00C600CF /* CustomView.xib */,
				85DB24B11C2981DE00C600CF /* CustomView.swift */,
				8598D9371C2BB87A00700949 /* SecondViewController.swift */,
				8598D9391C2BCA9400700949 /* CustomImageView.xib */,
				8598D93B1C2BCB2300700949 /* CustomImageView.swift */,
				8598D93D1C2BEF4A00700949 /* ImageEditorViewController.swift */,
			);
			path = FileManager;
			sourceTree = "<group>";
		};
		A649B68792EE34777FD8A03F /* Pods */ = {
			isa = PBXGroup;
			children = (
				BB014D51B41973880535A194 /* Pods.debug.xcconfig */,
				08E4D54100E62A7B1202B48C /* Pods.release.xcconfig */,
			);
			name = Pods;
			sourceTree = "<group>";
		};
		C722AE7B3460F5EF1CD1C594 /* Frameworks */ = {
			isa = PBXGroup;
			children = (
				408681B44FE5C9092F3BE7DA /* Pods.framework */,
			);
			name = Frameworks;
			sourceTree = "<group>";
		};
/* End PBXGroup section */

/* Begin PBXNativeTarget section */
		853E81021C22873900C16CFE /* FileManager */ = {
			isa = PBXNativeTarget;
			buildConfigurationList = 853E81151C22873900C16CFE /* Build configuration list for PBXNativeTarget "FileManager" */;
			buildPhases = (
				733679F94C743BFA2CD2BC81 /* Check Pods Manifest.lock */,
				853E80FF1C22873900C16CFE /* Sources */,
				853E81001C22873900C16CFE /* Frameworks */,
				853E81011C22873900C16CFE /* Resources */,
				BBED08CCEDF8092BC193D37D /* Embed Pods Frameworks */,
				171C1C932214D9FD8FB8CAAE /* Copy Pods Resources */,
			);
			buildRules = (
			);
			dependencies = (
			);
			name = FileManager;
			productName = FileManager;
			productReference = 853E81031C22873900C16CFE /* FileManager.app */;
			productType = "com.apple.product-type.application";
		};
/* End PBXNativeTarget section */

/* Begin PBXProject section */
		853E80FB1C22873900C16CFE /* Project object */ = {
			isa = PBXProject;
			attributes = {
				LastSwiftUpdateCheck = 0710;
				LastUpgradeCheck = 0710;
				ORGANIZATIONNAME = "Vineeth Vijayan";
				TargetAttributes = {
					853E81021C22873900C16CFE = {
						CreatedOnToolsVersion = 7.1.1;
						SystemCapabilities = {
							com.apple.BackgroundModes = {
								enabled = 1;
							};
						};
					};
				};
			};
			buildConfigurationList = 853E80FE1C22873900C16CFE /* Build configuration list for PBXProject "FileManager" */;
			compatibilityVersion = "Xcode 3.2";
			developmentRegion = English;
			hasScannedForEncodings = 0;
			knownRegions = (
				en,
				Base,
			);
			mainGroup = 853E80FA1C22873900C16CFE;
			productRefGroup = 853E81041C22873900C16CFE /* Products */;
			projectDirPath = "";
			projectRoot = "";
			targets = (
				853E81021C22873900C16CFE /* FileManager */,
			);
		};
/* End PBXProject section */

/* Begin PBXResourcesBuildPhase section */
		853E81011C22873900C16CFE /* Resources */ = {
			isa = PBXResourcesBuildPhase;
			buildActionMask = 2147483647;
			files = (
				853E81111C22873900C16CFE /* LaunchScreen.storyboard in Resources */,
				8598D93A1C2BCA9400700949 /* CustomImageView.xib in Resources */,
				85DB24B01C29814C00C600CF /* CustomView.xib in Resources */,
				853E810E1C22873900C16CFE /* Assets.xcassets in Resources */,
				853E810C1C22873900C16CFE /* Main.storyboard in Resources */,
			);
			runOnlyForDeploymentPostprocessing = 0;
		};
/* End PBXResourcesBuildPhase section */

/* Begin PBXShellScriptBuildPhase section */
		171C1C932214D9FD8FB8CAAE /* Copy Pods Resources */ = {
			isa = PBXShellScriptBuildPhase;
			buildActionMask = 2147483647;
			files = (
			);
			inputPaths = (
			);
			name = "Copy Pods Resources";
			outputPaths = (
			);
			runOnlyForDeploymentPostprocessing = 0;
			shellPath = /bin/sh;
			shellScript = "\"${SRCROOT}/Pods/Target Support Files/Pods/Pods-resources.sh\"\n";
			showEnvVarsInLog = 0;
		};
		733679F94C743BFA2CD2BC81 /* Check Pods Manifest.lock */ = {
			isa = PBXShellScriptBuildPhase;
			buildActionMask = 2147483647;
			files = (
			);
			inputPaths = (
			);
			name = "Check Pods Manifest.lock";
			outputPaths = (
			);
			runOnlyForDeploymentPostprocessing = 0;
			shellPath = /bin/sh;
			shellScript = "diff \"${PODS_ROOT}/../Podfile.lock\" \"${PODS_ROOT}/Manifest.lock\" > /dev/null\nif [[ $? != 0 ]] ; then\n    cat << EOM\nerror: The sandbox is not in sync with the Podfile.lock. Run 'pod install' or update your CocoaPods installation.\nEOM\n    exit 1\nfi\n";
			showEnvVarsInLog = 0;
		};
		BBED08CCEDF8092BC193D37D /* Embed Pods Frameworks */ = {
			isa = PBXShellScriptBuildPhase;
			buildActionMask = 2147483647;
			files = (
			);
			inputPaths = (
			);
			name = "Embed Pods Frameworks";
			outputPaths = (
			);
			runOnlyForDeploymentPostprocessing = 0;
			shellPath = /bin/sh;
			shellScript = "\"${SRCROOT}/Pods/Target Support Files/Pods/Pods-frameworks.sh\"\n";
			showEnvVarsInLog = 0;
		};
/* End PBXShellScriptBuildPhase section */

/* Begin PBXSourcesBuildPhase section */
		853E80FF1C22873900C16CFE /* Sources */ = {
			isa = PBXSourcesBuildPhase;
			buildActionMask = 2147483647;
			files = (
				8598D9381C2BB87A00700949 /* SecondViewController.swift in Sources */,
				85DB24B21C2981DE00C600CF /* CustomView.swift in Sources */,
				853E81091C22873900C16CFE /* ViewController.swift in Sources */,
				8598D93E1C2BEF4A00700949 /* ImageEditorViewController.swift in Sources */,
				853E81071C22873900C16CFE /* AppDelegate.swift in Sources */,
				8598D93C1C2BCB2300700949 /* CustomImageView.swift in Sources */,
			);
			runOnlyForDeploymentPostprocessing = 0;
		};
/* End PBXSourcesBuildPhase section */

/* Begin PBXVariantGroup section */
		853E810A1C22873900C16CFE /* Main.storyboard */ = {
			isa = PBXVariantGroup;
			children = (
				853E810B1C22873900C16CFE /* Base */,
			);
			name = Main.storyboard;
			sourceTree = "<group>";
		};
		853E810F1C22873900C16CFE /* LaunchScreen.storyboard */ = {
			isa = PBXVariantGroup;
			children = (
				853E81101C22873900C16CFE /* Base */,
			);
			name = LaunchScreen.storyboard;
			sourceTree = "<group>";
		};
/* End PBXVariantGroup section */

/* Begin XCBuildConfiguration section */
		853E81131C22873900C16CFE /* Debug */ = {
			isa = XCBuildConfiguration;
			buildSettings = {
				ALWAYS_SEARCH_USER_PATHS = NO;
				CLANG_CXX_LANGUAGE_STANDARD = "gnu++0x";
				CLANG_CXX_LIBRARY = "libc++";
				CLANG_ENABLE_MODULES = YES;
				CLANG_ENABLE_OBJC_ARC = YES;
				CLANG_WARN_BOOL_CONVERSION = YES;
				CLANG_WARN_CONSTANT_CONVERSION = YES;
				CLANG_WARN_DIRECT_OBJC_ISA_USAGE = YES_ERROR;
				CLANG_WARN_EMPTY_BODY = YES;
				CLANG_WARN_ENUM_CONVERSION = YES;
				CLANG_WARN_INT_CONVERSION = YES;
				CLANG_WARN_OBJC_ROOT_CLASS = YES_ERROR;
				CLANG_WARN_UNREACHABLE_CODE = YES;
				CLANG_WARN__DUPLICATE_METHOD_MATCH = YES;
				"CODE_SIGN_IDENTITY[sdk=iphoneos*]" = "iPhone Developer";
				COPY_PHASE_STRIP = NO;
				DEBUG_INFORMATION_FORMAT = dwarf;
				ENABLE_STRICT_OBJC_MSGSEND = YES;
				ENABLE_TESTABILITY = YES;
				GCC_C_LANGUAGE_STANDARD = gnu99;
				GCC_DYNAMIC_NO_PIC = NO;
				GCC_NO_COMMON_BLOCKS = YES;
				GCC_OPTIMIZATION_LEVEL = 0;
				GCC_PREPROCESSOR_DEFINITIONS = (
					"DEBUG=1",
					"$(inherited)",
				);
				GCC_WARN_64_TO_32_BIT_CONVERSION = YES;
				GCC_WARN_ABOUT_RETURN_TYPE = YES_ERROR;
				GCC_WARN_UNDECLARED_SELECTOR = YES;
				GCC_WARN_UNINITIALIZED_AUTOS = YES_AGGRESSIVE;
				GCC_WARN_UNUSED_FUNCTION = YES;
				GCC_WARN_UNUSED_VARIABLE = YES;
				IPHONEOS_DEPLOYMENT_TARGET = 8.0;
				MTL_ENABLE_DEBUG_INFO = YES;
				ONLY_ACTIVE_ARCH = YES;
				SDKROOT = iphoneos;
				SWIFT_OPTIMIZATION_LEVEL = "-Onone";
				TARGETED_DEVICE_FAMILY = "1,2";
			};
			name = Debug;
		};
		853E81141C22873900C16CFE /* Release */ = {
			isa = XCBuildConfiguration;
			buildSettings = {
				ALWAYS_SEARCH_USER_PATHS = NO;
				CLANG_CXX_LANGUAGE_STANDARD = "gnu++0x";
				CLANG_CXX_LIBRARY = "libc++";
				CLANG_ENABLE_MODULES = YES;
				CLANG_ENABLE_OBJC_ARC = YES;
				CLANG_WARN_BOOL_CONVERSION = YES;
				CLANG_WARN_CONSTANT_CONVERSION = YES;
				CLANG_WARN_DIRECT_OBJC_ISA_USAGE = YES_ERROR;
				CLANG_WARN_EMPTY_BODY = YES;
				CLANG_WARN_ENUM_CONVERSION = YES;
				CLANG_WARN_INT_CONVERSION = YES;
				CLANG_WARN_OBJC_ROOT_CLASS = YES_ERROR;
				CLANG_WARN_UNREACHABLE_CODE = YES;
				CLANG_WARN__DUPLICATE_METHOD_MATCH = YES;
				"CODE_SIGN_IDENTITY[sdk=iphoneos*]" = "iPhone Developer";
				COPY_PHASE_STRIP = NO;
				DEBUG_INFORMATION_FORMAT = "dwarf-with-dsym";
				ENABLE_NS_ASSERTIONS = NO;
				ENABLE_STRICT_OBJC_MSGSEND = YES;
				GCC_C_LANGUAGE_STANDARD = gnu99;
				GCC_NO_COMMON_BLOCKS = YES;
				GCC_WARN_64_TO_32_BIT_CONVERSION = YES;
				GCC_WARN_ABOUT_RETURN_TYPE = YES_ERROR;
				GCC_WARN_UNDECLARED_SELECTOR = YES;
				GCC_WARN_UNINITIALIZED_AUTOS = YES_AGGRESSIVE;
				GCC_WARN_UNUSED_FUNCTION = YES;
				GCC_WARN_UNUSED_VARIABLE = YES;
				IPHONEOS_DEPLOYMENT_TARGET = 8.0;
				MTL_ENABLE_DEBUG_INFO = NO;
				SDKROOT = iphoneos;
				TARGETED_DEVICE_FAMILY = "1,2";
				VALIDATE_PRODUCT = YES;
			};
			name = Release;
		};
		853E81161C22873900C16CFE /* Debug */ = {
			isa = XCBuildConfiguration;
			baseConfigurationReference = BB014D51B41973880535A194 /* Pods.debug.xcconfig */;
			buildSettings = {
				ASSETCATALOG_COMPILER_APPICON_NAME = AppIcon;
				INFOPLIST_FILE = FileManager/Info.plist;
				LD_RUNPATH_SEARCH_PATHS = "$(inherited) @executable_path/Frameworks";
				PRODUCT_BUNDLE_IDENTIFIER = com.bsm.FileManager;
				PRODUCT_NAME = "$(TARGET_NAME)";
			};
			name = Debug;
		};
		853E81171C22873900C16CFE /* Release */ = {
			isa = XCBuildConfiguration;
			baseConfigurationReference = 08E4D54100E62A7B1202B48C /* Pods.release.xcconfig */;
			buildSettings = {
				ASSETCATALOG_COMPILER_APPICON_NAME = AppIcon;
				INFOPLIST_FILE = FileManager/Info.plist;
				LD_RUNPATH_SEARCH_PATHS = "$(inherited) @executable_path/Frameworks";
				PRODUCT_BUNDLE_IDENTIFIER = com.bsm.FileManager;
				PRODUCT_NAME = "$(TARGET_NAME)";
			};
			name = Release;
		};
/* End XCBuildConfiguration section */

/* Begin XCConfigurationList section */
		853E80FE1C22873900C16CFE /* Build configuration list for PBXProject "FileManager" */ = {
			isa = XCConfigurationList;
			buildConfigurations = (
				853E81131C22873900C16CFE /* Debug */,
				853E81141C22873900C16CFE /* Release */,
			);
			defaultConfigurationIsVisible = 0;
			defaultConfigurationName = Release;
		};
		853E81151C22873900C16CFE /* Build configuration list for PBXNativeTarget "FileManager" */ = {
			isa = XCConfigurationList;
			buildConfigurations = (
				853E81161C22873900C16CFE /* Debug */,
				853E81171C22873900C16CFE /* Release */,
			);
			defaultConfigurationIsVisible = 0;
			defaultConfigurationName = Release;
		};
/* End XCConfigurationList section */
	};
	rootObject = 853E80FB1C22873900C16CFE /* Project object */;
}
